
Microsoft Visual Studio Solution File, Format Version 12.00
# Visual Studio Version 16
Project("{2150E333-8FDC-42A3-9474-1A3956D46DE8}") = "CMakePredefinedTargets", "CMakePredefinedTargets", "{5CCBB8F4-C8A7-3673-B935-2CC0F9DA17FB}"
EndProject
Project("{2150E333-8FDC-42A3-9474-1A3956D46DE8}") = "External", "External", "{B395858A-966C-39A2-9A89-FCDE2F9FC9EC}"
EndProject
Project("{2150E333-8FDC-42A3-9474-1A3956D46DE8}") = "Internal", "Internal", "{CBD83B12-3503-3AC3-AA77-C6A91482AA03}"
EndProject
Project("{2150E333-8FDC-42A3-9474-1A3956D46DE8}") = "Utils", "Utils", "{DFAFE967-A572-3EDB-A74B-C0BCE0AA61CC}"
EndProject
Project("{8BC9CEB8-8B4A-11D0-8D11-00A0C91BC942}") = "ALL_BUILD", "ALL_BUILD.vcxproj", "{215ADD15-29EA-3FC3-9E7C-BB522CB7B17B}"
	ProjectSection(ProjectDependencies) = postProject
		{846B0C29-8682-359D-B0DA-54150479E6C1} = {846B0C29-8682-359D-B0DA-54150479E6C1}
		{145578A0-8F3A-372D-B60B-57660C590B52} = {145578A0-8F3A-372D-B60B-57660C590B52}
		{22FD23BD-067A-3851-8D9B-A05793338D55} = {22FD23BD-067A-3851-8D9B-A05793338D55}
		{225F6B74-C848-30D0-938F-33CA12CE312A} = {225F6B74-C848-30D0-938F-33CA12CE312A}
		{5D17DCE5-1977-3E5C-9ED7-4E727CBEC430} = {5D17DCE5-1977-3E5C-9ED7-4E727CBEC430}
		{6F86C28C-9BDF-32A7-8BB7-E8E16A81C0E0} = {6F86C28C-9BDF-32A7-8BB7-E8E16A81C0E0}
		{E64A846D-1FB8-3E3F-B9B9-CB6AEE556FD5} = {E64A846D-1FB8-3E3F-B9B9-CB6AEE556FD5}
		{D059210D-1B6C-328C-9307-E8E0B3B15248} = {D059210D-1B6C-328C-9307-E8E0B3B15248}
		{E0B14FFC-F339-37A1-9B3F-186B3B4153F7} = {E0B14FFC-F339-37A1-9B3F-186B3B4153F7}
		{88E3DA12-98CE-35A8-8414-411412DF97DE} = {88E3DA12-98CE-35A8-8414-411412DF97DE}
		{7266810D-7DF6-3106-904E-959B0E5B1473} = {7266810D-7DF6-3106-904E-959B0E5B1473}
		{A900E0F3-8594-3A1F-B137-097404E9AAF4} = {A900E0F3-8594-3A1F-B137-097404E9AAF4}
		{2AC3374A-7AA3-3426-B754-B4D09654AEE5} = {2AC3374A-7AA3-3426-B754-B4D09654AEE5}
		{AF31C227-14EF-39F2-BD78-4FF37F81AFBC} = {AF31C227-14EF-39F2-BD78-4FF37F81AFBC}
		{3702EB52-1EDB-3ADE-95C9-3D10C5A6233E} = {3702EB52-1EDB-3ADE-95C9-3D10C5A6233E}
	EndProjectSection
EndProject
Project("{8BC9CEB8-8B4A-11D0-8D11-00A0C91BC942}") = "SYNC_RESOURCE-cocosTest", "SYNC_RESOURCE-cocosTest.vcxproj", "{846B0C29-8682-359D-B0DA-54150479E6C1}"
	ProjectSection(ProjectDependencies) = postProject
		{145578A0-8F3A-372D-B60B-57660C590B52} = {145578A0-8F3A-372D-B60B-57660C590B52}
	EndProjectSection
EndProject
Project("{8BC9CEB8-8B4A-11D0-8D11-00A0C91BC942}") = "ZERO_CHECK", "ZERO_CHECK.vcxproj", "{145578A0-8F3A-372D-B60B-57660C590B52}"
	ProjectSection(ProjectDependencies) = postProject
	EndProjectSection
EndProject
Project("{8BC9CEB8-8B4A-11D0-8D11-00A0C91BC942}") = "cocos2d", "engine\cocos\core\cocos2d.vcxproj", "{22FD23BD-067A-3851-8D9B-A05793338D55}"
	ProjectSection(ProjectDependencies) = postProject
		{145578A0-8F3A-372D-B60B-57660C590B52} = {145578A0-8F3A-372D-B60B-57660C590B52}
		{5D17DCE5-1977-3E5C-9ED7-4E727CBEC430} = {5D17DCE5-1977-3E5C-9ED7-4E727CBEC430}
		{6F86C28C-9BDF-32A7-8BB7-E8E16A81C0E0} = {6F86C28C-9BDF-32A7-8BB7-E8E16A81C0E0}
		{E64A846D-1FB8-3E3F-B9B9-CB6AEE556FD5} = {E64A846D-1FB8-3E3F-B9B9-CB6AEE556FD5}
		{D059210D-1B6C-328C-9307-E8E0B3B15248} = {D059210D-1B6C-328C-9307-E8E0B3B15248}
		{E0B14FFC-F339-37A1-9B3F-186B3B4153F7} = {E0B14FFC-F339-37A1-9B3F-186B3B4153F7}
		{88E3DA12-98CE-35A8-8414-411412DF97DE} = {88E3DA12-98CE-35A8-8414-411412DF97DE}
		{7266810D-7DF6-3106-904E-959B0E5B1473} = {7266810D-7DF6-3106-904E-959B0E5B1473}
		{A900E0F3-8594-3A1F-B137-097404E9AAF4} = {A900E0F3-8594-3A1F-B137-097404E9AAF4}
		{2AC3374A-7AA3-3426-B754-B4D09654AEE5} = {2AC3374A-7AA3-3426-B754-B4D09654AEE5}
		{AF31C227-14EF-39F2-BD78-4FF37F81AFBC} = {AF31C227-14EF-39F2-BD78-4FF37F81AFBC}
		{3702EB52-1EDB-3ADE-95C9-3D10C5A6233E} = {3702EB52-1EDB-3ADE-95C9-3D10C5A6233E}
	EndProjectSection
EndProject
Project("{8BC9CEB8-8B4A-11D0-8D11-00A0C91BC942}") = "cocosTest", "cocosTest.vcxproj", "{225F6B74-C848-30D0-938F-33CA12CE312A}"
	ProjectSection(ProjectDependencies) = postProject
		{846B0C29-8682-359D-B0DA-54150479E6C1} = {846B0C29-8682-359D-B0DA-54150479E6C1}
		{145578A0-8F3A-372D-B60B-57660C590B52} = {145578A0-8F3A-372D-B60B-57660C590B52}
		{22FD23BD-067A-3851-8D9B-A05793338D55} = {22FD23BD-067A-3851-8D9B-A05793338D55}
		{5D17DCE5-1977-3E5C-9ED7-4E727CBEC430} = {5D17DCE5-1977-3E5C-9ED7-4E727CBEC430}
		{6F86C28C-9BDF-32A7-8BB7-E8E16A81C0E0} = {6F86C28C-9BDF-32A7-8BB7-E8E16A81C0E0}
		{E64A846D-1FB8-3E3F-B9B9-CB6AEE556FD5} = {E64A846D-1FB8-3E3F-B9B9-CB6AEE556FD5}
		{D059210D-1B6C-328C-9307-E8E0B3B15248} = {D059210D-1B6C-328C-9307-E8E0B3B15248}
		{E0B14FFC-F339-37A1-9B3F-186B3B4153F7} = {E0B14FFC-F339-37A1-9B3F-186B3B4153F7}
		{88E3DA12-98CE-35A8-8414-411412DF97DE} = {88E3DA12-98CE-35A8-8414-411412DF97DE}
		{7266810D-7DF6-3106-904E-959B0E5B1473} = {7266810D-7DF6-3106-904E-959B0E5B1473}
		{A900E0F3-8594-3A1F-B137-097404E9AAF4} = {A900E0F3-8594-3A1F-B137-097404E9AAF4}
		{2AC3374A-7AA3-3426-B754-B4D09654AEE5} = {2AC3374A-7AA3-3426-B754-B4D09654AEE5}
		{AF31C227-14EF-39F2-BD78-4FF37F81AFBC} = {AF31C227-14EF-39F2-BD78-4FF37F81AFBC}
		{3702EB52-1EDB-3ADE-95C9-3D10C5A6233E} = {3702EB52-1EDB-3ADE-95C9-3D10C5A6233E}
	EndProjectSection
EndProject
Project("{8BC9CEB8-8B4A-11D0-8D11-00A0C91BC942}") = "ext_clipper", "engine\external\clipper\ext_clipper.vcxproj", "{5D17DCE5-1977-3E5C-9ED7-4E727CBEC430}"
	ProjectSection(ProjectDependencies) = postProject
		{145578A0-8F3A-372D-B60B-57660C590B52} = {145578A0-8F3A-372D-B60B-57660C590B52}
	EndProjectSection
EndProject
Project("{8BC9CEB8-8B4A-11D0-8D11-00A0C91BC942}") = "ext_convertUTF", "engine\external\ConvertUTF\ext_convertUTF.vcxproj", "{6F86C28C-9BDF-32A7-8BB7-E8E16A81C0E0}"
	ProjectSection(ProjectDependencies) = postProject
		{145578A0-8F3A-372D-B60B-57660C590B52} = {145578A0-8F3A-372D-B60B-57660C590B52}
	EndProjectSection
EndProject
Project("{8BC9CEB8-8B4A-11D0-8D11-00A0C91BC942}") = "ext_edtaa3func", "engine\external\edtaa3func\ext_edtaa3func.vcxproj", "{E64A846D-1FB8-3E3F-B9B9-CB6AEE556FD5}"
	ProjectSection(ProjectDependencies) = postProject
		{145578A0-8F3A-372D-B60B-57660C590B52} = {145578A0-8F3A-372D-B60B-57660C590B52}
	EndProjectSection
EndProject
Project("{8BC9CEB8-8B4A-11D0-8D11-00A0C91BC942}") = "ext_md5", "engine\external\md5\ext_md5.vcxproj", "{D059210D-1B6C-328C-9307-E8E0B3B15248}"
	ProjectSection(ProjectDependencies) = postProject
		{145578A0-8F3A-372D-B60B-57660C590B52} = {145578A0-8F3A-372D-B60B-57660C590B52}
	EndProjectSection
EndProject
Project("{8BC9CEB8-8B4A-11D0-8D11-00A0C91BC942}") = "ext_poly2tri", "engine\external\poly2tri\ext_poly2tri.vcxproj", "{E0B14FFC-F339-37A1-9B3F-186B3B4153F7}"
	ProjectSection(ProjectDependencies) = postProject
		{145578A0-8F3A-372D-B60B-57660C590B52} = {145578A0-8F3A-372D-B60B-57660C590B52}
	EndProjectSection
EndProject
Project("{8BC9CEB8-8B4A-11D0-8D11-00A0C91BC942}") = "ext_recast", "engine\external\recast\ext_recast.vcxproj", "{88E3DA12-98CE-35A8-8414-411412DF97DE}"
	ProjectSection(ProjectDependencies) = postProject
		{145578A0-8F3A-372D-B60B-57660C590B52} = {145578A0-8F3A-372D-B60B-57660C590B52}
	EndProjectSection
EndProject
Project("{8BC9CEB8-8B4A-11D0-8D11-00A0C91BC942}") = "ext_tinyxml2", "engine\external\tinyxml2\ext_tinyxml2.vcxproj", "{7266810D-7DF6-3106-904E-959B0E5B1473}"
	ProjectSection(ProjectDependencies) = postProject
		{145578A0-8F3A-372D-B60B-57660C590B52} = {145578A0-8F3A-372D-B60B-57660C590B52}
	EndProjectSection
EndProject
Project("{8BC9CEB8-8B4A-11D0-8D11-00A0C91BC942}") = "ext_unzip", "engine\external\unzip\ext_unzip.vcxproj", "{A900E0F3-8594-3A1F-B137-097404E9AAF4}"
	ProjectSection(ProjectDependencies) = postProject
		{145578A0-8F3A-372D-B60B-57660C590B52} = {145578A0-8F3A-372D-B60B-57660C590B52}
	EndProjectSection
EndProject
Project("{8BC9CEB8-8B4A-11D0-8D11-00A0C91BC942}") = "ext_xxhash", "engine\external\xxhash\ext_xxhash.vcxproj", "{2AC3374A-7AA3-3426-B754-B4D09654AEE5}"
	ProjectSection(ProjectDependencies) = postProject
		{145578A0-8F3A-372D-B60B-57660C590B52} = {145578A0-8F3A-372D-B60B-57660C590B52}
	EndProjectSection
EndProject
Project("{8BC9CEB8-8B4A-11D0-8D11-00A0C91BC942}") = "ext_xxtea", "engine\external\xxtea\ext_xxtea.vcxproj", "{AF31C227-14EF-39F2-BD78-4FF37F81AFBC}"
	ProjectSection(ProjectDependencies) = postProject
		{145578A0-8F3A-372D-B60B-57660C590B52} = {145578A0-8F3A-372D-B60B-57660C590B52}
	EndProjectSection
EndProject
Project("{8BC9CEB8-8B4A-11D0-8D11-00A0C91BC942}") = "external", "engine\external\external.vcxproj", "{3702EB52-1EDB-3ADE-95C9-3D10C5A6233E}"
	ProjectSection(ProjectDependencies) = postProject
		{145578A0-8F3A-372D-B60B-57660C590B52} = {145578A0-8F3A-372D-B60B-57660C590B52}
		{5D17DCE5-1977-3E5C-9ED7-4E727CBEC430} = {5D17DCE5-1977-3E5C-9ED7-4E727CBEC430}
		{6F86C28C-9BDF-32A7-8BB7-E8E16A81C0E0} = {6F86C28C-9BDF-32A7-8BB7-E8E16A81C0E0}
		{E64A846D-1FB8-3E3F-B9B9-CB6AEE556FD5} = {E64A846D-1FB8-3E3F-B9B9-CB6AEE556FD5}
		{D059210D-1B6C-328C-9307-E8E0B3B15248} = {D059210D-1B6C-328C-9307-E8E0B3B15248}
		{E0B14FFC-F339-37A1-9B3F-186B3B4153F7} = {E0B14FFC-F339-37A1-9B3F-186B3B4153F7}
		{88E3DA12-98CE-35A8-8414-411412DF97DE} = {88E3DA12-98CE-35A8-8414-411412DF97DE}
		{7266810D-7DF6-3106-904E-959B0E5B1473} = {7266810D-7DF6-3106-904E-959B0E5B1473}
		{A900E0F3-8594-3A1F-B137-097404E9AAF4} = {A900E0F3-8594-3A1F-B137-097404E9AAF4}
		{2AC3374A-7AA3-3426-B754-B4D09654AEE5} = {2AC3374A-7AA3-3426-B754-B4D09654AEE5}
		{AF31C227-14EF-39F2-BD78-4FF37F81AFBC} = {AF31C227-14EF-39F2-BD78-4FF37F81AFBC}
	EndProjectSection
EndProject
Global
	GlobalSection(SolutionConfigurationPlatforms) = preSolution
		Debug|Win32 = Debug|Win32
		Release|Win32 = Release|Win32
		MinSizeRel|Win32 = MinSizeRel|Win32
		RelWithDebInfo|Win32 = RelWithDebInfo|Win32
	EndGlobalSection
	GlobalSection(ProjectConfigurationPlatforms) = postSolution
		{215ADD15-29EA-3FC3-9E7C-BB522CB7B17B}.Debug|Win32.ActiveCfg = Debug|Win32
		{215ADD15-29EA-3FC3-9E7C-BB522CB7B17B}.Release|Win32.ActiveCfg = Release|Win32
		{215ADD15-29EA-3FC3-9E7C-BB522CB7B17B}.MinSizeRel|Win32.ActiveCfg = MinSizeRel|Win32
		{215ADD15-29EA-3FC3-9E7C-BB522CB7B17B}.RelWithDebInfo|Win32.ActiveCfg = RelWithDebInfo|Win32
		{846B0C29-8682-359D-B0DA-54150479E6C1}.Debug|Win32.ActiveCfg = Debug|Win32
		{846B0C29-8682-359D-B0DA-54150479E6C1}.Debug|Win32.Build.0 = Debug|Win32
		{846B0C29-8682-359D-B0DA-54150479E6C1}.Release|Win32.ActiveCfg = Release|Win32
		{846B0C29-8682-359D-B0DA-54150479E6C1}.Release|Win32.Build.0 = Release|Win32
		{846B0C29-8682-359D-B0DA-54150479E6C1}.MinSizeRel|Win32.ActiveCfg = MinSizeRel|Win32
		{846B0C29-8682-359D-B0DA-54150479E6C1}.MinSizeRel|Win32.Build.0 = MinSizeRel|Win32
		{846B0C29-8682-359D-B0DA-54150479E6C1}.RelWithDebInfo|Win32.ActiveCfg = RelWithDebInfo|Win32
		{846B0C29-8682-359D-B0DA-54150479E6C1}.RelWithDebInfo|Win32.Build.0 = RelWithDebInfo|Win32
		{145578A0-8F3A-372D-B60B-57660C590B52}.Debug|Win32.ActiveCfg = Debug|Win32
		{145578A0-8F3A-372D-B60B-57660C590B52}.Debug|Win32.Build.0 = Debug|Win32
		{145578A0-8F3A-372D-B60B-57660C590B52}.Release|Win32.ActiveCfg = Release|Win32
		{145578A0-8F3A-372D-B60B-57660C590B52}.Release|Win32.Build.0 = Release|Win32
		{145578A0-8F3A-372D-B60B-57660C590B52}.MinSizeRel|Win32.ActiveCfg = MinSizeRel|Win32
		{145578A0-8F3A-372D-B60B-57660C590B52}.MinSizeRel|Win32.Build.0 = MinSizeRel|Win32
		{145578A0-8F3A-372D-B60B-57660C590B52}.RelWithDebInfo|Win32.ActiveCfg = RelWithDebInfo|Win32
		{145578A0-8F3A-372D-B60B-57660C590B52}.RelWithDebInfo|Win32.Build.0 = RelWithDebInfo|Win32
		{22FD23BD-067A-3851-8D9B-A05793338D55}.Debug|Win32.ActiveCfg = Debug|Win32
		{22FD23BD-067A-3851-8D9B-A05793338D55}.Debug|Win32.Build.0 = Debug|Win32
		{22FD23BD-067A-3851-8D9B-A05793338D55}.Release|Win32.ActiveCfg = Release|Win32
		{22FD23BD-067A-3851-8D9B-A05793338D55}.Release|Win32.Build.0 = Release|Win32
		{22FD23BD-067A-3851-8D9B-A05793338D55}.MinSizeRel|Win32.ActiveCfg = MinSizeRel|Win32
		{22FD23BD-067A-3851-8D9B-A05793338D55}.MinSizeRel|Win32.Build.0 = MinSizeRel|Win32
		{22FD23BD-067A-3851-8D9B-A05793338D55}.RelWithDebInfo|Win32.ActiveCfg = RelWithDebInfo|Win32
		{22FD23BD-067A-3851-8D9B-A05793338D55}.RelWithDebInfo|Win32.Build.0 = RelWithDebInfo|Win32
		{225F6B74-C848-30D0-938F-33CA12CE312A}.Debug|Win32.ActiveCfg = Debug|Win32
		{225F6B74-C848-30D0-938F-33CA12CE312A}.Debug|Win32.Build.0 = Debug|Win32
		{225F6B74-C848-30D0-938F-33CA12CE312A}.Release|Win32.ActiveCfg = Release|Win32
		{225F6B74-C848-30D0-938F-33CA12CE312A}.Release|Win32.Build.0 = Release|Win32
		{225F6B74-C848-30D0-938F-33CA12CE312A}.MinSizeRel|Win32.ActiveCfg = MinSizeRel|Win32
		{225F6B74-C848-30D0-938F-33CA12CE312A}.MinSizeRel|Win32.Build.0 = MinSizeRel|Win32
		{225F6B74-C848-30D0-938F-33CA12CE312A}.RelWithDebInfo|Win32.ActiveCfg = RelWithDebInfo|Win32
		{225F6B74-C848-30D0-938F-33CA12CE312A}.RelWithDebInfo|Win32.Build.0 = RelWithDebInfo|Win32
		{5D17DCE5-1977-3E5C-9ED7-4E727CBEC430}.Debug|Win32.ActiveCfg = Debug|Win32
		{5D17DCE5-1977-3E5C-9ED7-4E727CBEC430}.Debug|Win32.Build.0 = Debug|Win32
		{5D17DCE5-1977-3E5C-9ED7-4E727CBEC430}.Release|Win32.ActiveCfg = Release|Win32
		{5D17DCE5-1977-3E5C-9ED7-4E727CBEC430}.Release|Win32.Build.0 = Release|Win32
		{5D17DCE5-1977-3E5C-9ED7-4E727CBEC430}.MinSizeRel|Win32.ActiveCfg = MinSizeRel|Win32
		{5D17DCE5-1977-3E5C-9ED7-4E727CBEC430}.MinSizeRel|Win32.Build.0 = MinSizeRel|Win32
		{5D17DCE5-1977-3E5C-9ED7-4E727CBEC430}.RelWithDebInfo|Win32.ActiveCfg = RelWithDebInfo|Win32
		{5D17DCE5-1977-3E5C-9ED7-4E727CBEC430}.RelWithDebInfo|Win32.Build.0 = RelWithDebInfo|Win32
		{6F86C28C-9BDF-32A7-8BB7-E8E16A81C0E0}.Debug|Win32.ActiveCfg = Debug|Win32
		{6F86C28C-9BDF-32A7-8BB7-E8E16A81C0E0}.Debug|Win32.Build.0 = Debug|Win32
		{6F86C28C-9BDF-32A7-8BB7-E8E16A81C0E0}.Release|Win32.ActiveCfg = Release|Win32
		{6F86C28C-9BDF-32A7-8BB7-E8E16A81C0E0}.Release|Win32.Build.0 = Release|Win32
		{6F86C28C-9BDF-32A7-8BB7-E8E16A81C0E0}.MinSizeRel|Win32.ActiveCfg = MinSizeRel|Win32
		{6F86C28C-9BDF-32A7-8BB7-E8E16A81C0E0}.MinSizeRel|Win32.Build.0 = MinSizeRel|Win32
		{6F86C28C-9BDF-32A7-8BB7-E8E16A81C0E0}.RelWithDebInfo|Win32.ActiveCfg = RelWithDebInfo|Win32
		{6F86C28C-9BDF-32A7-8BB7-E8E16A81C0E0}.RelWithDebInfo|Win32.Build.0 = RelWithDebInfo|Win32
		{E64A846D-1FB8-3E3F-B9B9-CB6AEE556FD5}.Debug|Win32.ActiveCfg = Debug|Win32
		{E64A846D-1FB8-3E3F-B9B9-CB6AEE556FD5}.Debug|Win32.Build.0 = Debug|Win32
		{E64A846D-1FB8-3E3F-B9B9-CB6AEE556FD5}.Release|Win32.ActiveCfg = Release|Win32
		{E64A846D-1FB8-3E3F-B9B9-CB6AEE556FD5}.Release|Win32.Build.0 = Release|Win32
		{E64A846D-1FB8-3E3F-B9B9-CB6AEE556FD5}.MinSizeRel|Win32.ActiveCfg = MinSizeRel|Win32
		{E64A846D-1FB8-3E3F-B9B9-CB6AEE556FD5}.MinSizeRel|Win32.Build.0 = MinSizeRel|Win32
		{E64A846D-1FB8-3E3F-B9B9-CB6AEE556FD5}.RelWithDebInfo|Win32.ActiveCfg = RelWithDebInfo|Win32
		{E64A846D-1FB8-3E3F-B9B9-CB6AEE556FD5}.RelWithDebInfo|Win32.Build.0 = RelWithDebInfo|Win32
		{D059210D-1B6C-328C-9307-E8E0B3B15248}.Debug|Win32.ActiveCfg = Debug|Win32
		{D059210D-1B6C-328C-9307-E8E0B3B15248}.Debug|Win32.Build.0 = Debug|Win32
		{D059210D-1B6C-328C-9307-E8E0B3B15248}.Release|Win32.ActiveCfg = Release|Win32
		{D059210D-1B6C-328C-9307-E8E0B3B15248}.Release|Win32.Build.0 = Release|Win32
		{D059210D-1B6C-328C-9307-E8E0B3B15248}.MinSizeRel|Win32.ActiveCfg = MinSizeRel|Win32
		{D059210D-1B6C-328C-9307-E8E0B3B15248}.MinSizeRel|Win32.Build.0 = MinSizeRel|Win32
		{D059210D-1B6C-328C-9307-E8E0B3B15248}.RelWithDebInfo|Win32.ActiveCfg = RelWithDebInfo|Win32
		{D059210D-1B6C-328C-9307-E8E0B3B15248}.RelWithDebInfo|Win32.Build.0 = RelWithDebInfo|Win32
		{E0B14FFC-F339-37A1-9B3F-186B3B4153F7}.Debug|Win32.ActiveCfg = Debug|Win32
		{E0B14FFC-F339-37A1-9B3F-186B3B4153F7}.Debug|Win32.Build.0 = Debug|Win32
		{E0B14FFC-F339-37A1-9B3F-186B3B4153F7}.Release|Win32.ActiveCfg = Release|Win32
		{E0B14FFC-F339-37A1-9B3F-186B3B4153F7}.Release|Win32.Build.0 = Release|Win32
		{E0B14FFC-F339-37A1-9B3F-186B3B4153F7}.MinSizeRel|Win32.ActiveCfg = MinSizeRel|Win32
		{E0B14FFC-F339-37A1-9B3F-186B3B4153F7}.MinSizeRel|Win32.Build.0 = MinSizeRel|Win32
		{E0B14FFC-F339-37A1-9B3F-186B3B4153F7}.RelWithDebInfo|Win32.ActiveCfg = RelWithDebInfo|Win32
		{E0B14FFC-F339-37A1-9B3F-186B3B4153F7}.RelWithDebInfo|Win32.Build.0 = RelWithDebInfo|Win32
		{88E3DA12-98CE-35A8-8414-411412DF97DE}.Debug|Win32.ActiveCfg = Debug|Win32
		{88E3DA12-98CE-35A8-8414-411412DF97DE}.Debug|Win32.Build.0 = Debug|Win32
		{88E3DA12-98CE-35A8-8414-411412DF97DE}.Release|Win32.ActiveCfg = Release|Win32
		{88E3DA12-98CE-35A8-8414-411412DF97DE}.Release|Win32.Build.0 = Release|Win32
		{88E3DA12-98CE-35A8-8414-411412DF97DE}.MinSizeRel|Win32.ActiveCfg = MinSizeRel|Win32
		{88E3DA12-98CE-35A8-8414-411412DF97DE}.MinSizeRel|Win32.Build.0 = MinSizeRel|Win32
		{88E3DA12-98CE-35A8-8414-411412DF97DE}.RelWithDebInfo|Win32.ActiveCfg = RelWithDebInfo|Win32
		{88E3DA12-98CE-35A8-8414-411412DF97DE}.RelWithDebInfo|Win32.Build.0 = RelWithDebInfo|Win32
		{7266810D-7DF6-3106-904E-959B0E5B1473}.Debug|Win32.ActiveCfg = Debug|Win32
		{7266810D-7DF6-3106-904E-959B0E5B1473}.Debug|Win32.Build.0 = Debug|Win32
		{7266810D-7DF6-3106-904E-959B0E5B1473}.Release|Win32.ActiveCfg = Release|Win32
		{7266810D-7DF6-3106-904E-959B0E5B1473}.Release|Win32.Build.0 = Release|Win32
		{7266810D-7DF6-3106-904E-959B0E5B1473}.MinSizeRel|Win32.ActiveCfg = MinSizeRel|Win32
		{7266810D-7DF6-3106-904E-959B0E5B1473}.MinSizeRel|Win32.Build.0 = MinSizeRel|Win32
		{7266810D-7DF6-3106-904E-959B0E5B1473}.RelWithDebInfo|Win32.ActiveCfg = RelWithDebInfo|Win32
		{7266810D-7DF6-3106-904E-959B0E5B1473}.RelWithDebInfo|Win32.Build.0 = RelWithDebInfo|Win32
		{A900E0F3-8594-3A1F-B137-097404E9AAF4}.Debug|Win32.ActiveCfg = Debug|Win32
		{A900E0F3-8594-3A1F-B137-097404E9AAF4}.Debug|Win32.Build.0 = Debug|Win32
		{A900E0F3-8594-3A1F-B137-097404E9AAF4}.Release|Win32.ActiveCfg = Release|Win32
		{A900E0F3-8594-3A1F-B137-097404E9AAF4}.Release|Win32.Build.0 = Release|Win32
		{A900E0F3-8594-3A1F-B137-097404E9AAF4}.MinSizeRel|Win32.ActiveCfg = MinSizeRel|Win32
		{A900E0F3-8594-3A1F-B137-097404E9AAF4}.MinSizeRel|Win32.Build.0 = MinSizeRel|Win32
		{A900E0F3-8594-3A1F-B137-097404E9AAF4}.RelWithDebInfo|Win32.ActiveCfg = RelWithDebInfo|Win32
		{A900E0F3-8594-3A1F-B137-097404E9AAF4}.RelWithDebInfo|Win32.Build.0 = RelWithDebInfo|Win32
		{2AC3374A-7AA3-3426-B754-B4D09654AEE5}.Debug|Win32.ActiveCfg = Debug|Win32
		{2AC3374A-7AA3-3426-B754-B4D09654AEE5}.Debug|Win32.Build.0 = Debug|Win32
		{2AC3374A-7AA3-3426-B754-B4D09654AEE5}.Release|Win32.ActiveCfg = Release|Win32
		{2AC3374A-7AA3-3426-B754-B4D09654AEE5}.Release|Win32.Build.0 = Release|Win32
		{2AC3374A-7AA3-3426-B754-B4D09654AEE5}.MinSizeRel|Win32.ActiveCfg = MinSizeRel|Win32
		{2AC3374A-7AA3-3426-B754-B4D09654AEE5}.MinSizeRel|Win32.Build.0 = MinSizeRel|Win32
		{2AC3374A-7AA3-3426-B754-B4D09654AEE5}.RelWithDebInfo|Win32.ActiveCfg = RelWithDebInfo|Win32
		{2AC3374A-7AA3-3426-B754-B4D09654AEE5}.RelWithDebInfo|Win32.Build.0 = RelWithDebInfo|Win32
		{AF31C227-14EF-39F2-BD78-4FF37F81AFBC}.Debug|Win32.ActiveCfg = Debug|Win32
		{AF31C227-14EF-39F2-BD78-4FF37F81AFBC}.Debug|Win32.Build.0 = Debug|Win32
		{AF31C227-14EF-39F2-BD78-4FF37F81AFBC}.Release|Win32.ActiveCfg = Release|Win32
		{AF31C227-14EF-39F2-BD78-4FF37F81AFBC}.Release|Win32.Build.0 = Release|Win32
		{AF31C227-14EF-39F2-BD78-4FF37F81AFBC}.MinSizeRel|Win32.ActiveCfg = MinSizeRel|Win32
		{AF31C227-14EF-39F2-BD78-4FF37F81AFBC}.MinSizeRel|Win32.Build.0 = MinSizeRel|Win32
		{AF31C227-14EF-39F2-BD78-4FF37F81AFBC}.RelWithDebInfo|Win32.ActiveCfg = RelWithDebInfo|Win32
		{AF31C227-14EF-39F2-BD78-4FF37F81AFBC}.RelWithDebInfo|Win32.Build.0 = RelWithDebInfo|Win32
		{3702EB52-1EDB-3ADE-95C9-3D10C5A6233E}.Debug|Win32.ActiveCfg = Debug|Win32
		{3702EB52-1EDB-3ADE-95C9-3D10C5A6233E}.Debug|Win32.Build.0 = Debug|Win32
		{3702EB52-1EDB-3ADE-95C9-3D10C5A6233E}.Release|Win32.ActiveCfg = Release|Win32
		{3702EB52-1EDB-3ADE-95C9-3D10C5A6233E}.Release|Win32.Build.0 = Release|Win32
		{3702EB52-1EDB-3ADE-95C9-3D10C5A6233E}.MinSizeRel|Win32.ActiveCfg = MinSizeRel|Win32
		{3702EB52-1EDB-3ADE-95C9-3D10C5A6233E}.MinSizeRel|Win32.Build.0 = MinSizeRel|Win32
		{3702EB52-1EDB-3ADE-95C9-3D10C5A6233E}.RelWithDebInfo|Win32.ActiveCfg = RelWithDebInfo|Win32
		{3702EB52-1EDB-3ADE-95C9-3D10C5A6233E}.RelWithDebInfo|Win32.Build.0 = RelWithDebInfo|Win32
	EndGlobalSection
	GlobalSection(NestedProjects) = preSolution
		{215ADD15-29EA-3FC3-9E7C-BB522CB7B17B} = {5CCBB8F4-C8A7-3673-B935-2CC0F9DA17FB}
		{145578A0-8F3A-372D-B60B-57660C590B52} = {5CCBB8F4-C8A7-3673-B935-2CC0F9DA17FB}
		{5D17DCE5-1977-3E5C-9ED7-4E727CBEC430} = {B395858A-966C-39A2-9A89-FCDE2F9FC9EC}
		{6F86C28C-9BDF-32A7-8BB7-E8E16A81C0E0} = {B395858A-966C-39A2-9A89-FCDE2F9FC9EC}
		{E64A846D-1FB8-3E3F-B9B9-CB6AEE556FD5} = {B395858A-966C-39A2-9A89-FCDE2F9FC9EC}
		{D059210D-1B6C-328C-9307-E8E0B3B15248} = {B395858A-966C-39A2-9A89-FCDE2F9FC9EC}
		{E0B14FFC-F339-37A1-9B3F-186B3B4153F7} = {B395858A-966C-39A2-9A89-FCDE2F9FC9EC}
		{88E3DA12-98CE-35A8-8414-411412DF97DE} = {B395858A-966C-39A2-9A89-FCDE2F9FC9EC}
		{7266810D-7DF6-3106-904E-959B0E5B1473} = {B395858A-966C-39A2-9A89-FCDE2F9FC9EC}
		{A900E0F3-8594-3A1F-B137-097404E9AAF4} = {B395858A-966C-39A2-9A89-FCDE2F9FC9EC}
		{2AC3374A-7AA3-3426-B754-B4D09654AEE5} = {B395858A-966C-39A2-9A89-FCDE2F9FC9EC}
		{AF31C227-14EF-39F2-BD78-4FF37F81AFBC} = {B395858A-966C-39A2-9A89-FCDE2F9FC9EC}
		{3702EB52-1EDB-3ADE-95C9-3D10C5A6233E} = {B395858A-966C-39A2-9A89-FCDE2F9FC9EC}
		{22FD23BD-067A-3851-8D9B-A05793338D55} = {CBD83B12-3503-3AC3-AA77-C6A91482AA03}
		{846B0C29-8682-359D-B0DA-54150479E6C1} = {DFAFE967-A572-3EDB-A74B-C0BCE0AA61CC}
	EndGlobalSection
	GlobalSection(ExtensibilityGlobals) = postSolution
		SolutionGuid = {4751EF15-A897-327A-B4AB-627AE9A9C3F8}
	EndGlobalSection
	GlobalSection(ExtensibilityAddIns) = postSolution
	EndGlobalSection
EndGlobal
